
Microsoft Visual Studio Solution File, Format Version 12.00
# Visual Studio 15
VisualStudioVersion = 15.0.27703.2042
MinimumVisualStudioVersion = 10.0.40219.1
Project("{FAE04EC0-301F-11D3-BF4B-00C04F79EFBC}") = "XML_Batch_Editor", "XML_Batch_Editor\XML_Batch_Editor.csproj", "{F830102F-4FF3-41AD-A99D-1CF1B4FD6E1C}"
EndProject
Global
	GlobalSection(SolutionConfigurationPlatforms) = preSolution
		Debug|Any CPU = Debug|Any CPU
		Release|Any CPU = Release|Any CPU
	EndGlobalSection
	GlobalSection(ProjectConfigurationPlatforms) = postSolution
		{F830102F-4FF3-41AD-A99D-1CF1B4FD6E1C}.Debug|Any CPU.ActiveCfg = Debug|Any CPU
		{F830102F-4FF3-41AD-A99D-1CF1B4FD6E1C}.Debug|Any CPU.Build.0 = Debug|Any CPU
		{F830102F-4FF3-41AD-A99D-1CF1B4FD6E1C}.Release|Any CPU.ActiveCfg = Release|Any CPU
		{F830102F-4FF3-41AD-A99D-1CF1B4FD6E1C}.Release|Any CPU.Build.0 = Release|Any CPU
	EndGlobalSection
	GlobalSection(SolutionProperties) = preSolution
		HideSolutionNode = FALSE
	EndGlobalSection
	GlobalSection(ExtensibilityGlobals) = postSolution
		SolutionGuid = {4D443BE1-CFEA-480D-9FE7-44BFCC84B874}
	EndGlobalSection
EndGlobal
